
Microsoft Visual Studio Solution File, Format Version 12.00
Project("{FAE04EC0-301F-11D3-BF4B-00C04F79EFBC}") = "RPI.Hardware.RaspberryPi", "RPI.Hardware.RaspberryPi\RPI.Hardware.RaspberryPi.csproj", "{916E2CB6-9C93-46AE-A4A2-7C85F7CEBD85}"
EndProject
Project("{FAE04EC0-301F-11D3-BF4B-00C04F79EFBC}") = "RPI.Core", "RPI.Core\RPI.Core.csproj", "{F7D0DBD1-A024-402D-AEA7-F4FF902924CD}"
EndProject
Project("{FAE04EC0-301F-11D3-BF4B-00C04F79EFBC}") = "RPI.Web", "RPI.Web\RPI.Web.csproj", "{E691E6B7-D41C-4DA8-AF7C-36D5317A8069}"
EndProject
Global
	GlobalSection(SolutionConfigurationPlatforms) = preSolution
		Debug|Any CPU = Debug|Any CPU
		Release|Any CPU = Release|Any CPU
	EndGlobalSection
	GlobalSection(ProjectConfigurationPlatforms) = postSolution
		{916E2CB6-9C93-46AE-A4A2-7C85F7CEBD85}.Debug|Any CPU.ActiveCfg = Debug|Any CPU
		{916E2CB6-9C93-46AE-A4A2-7C85F7CEBD85}.Debug|Any CPU.Build.0 = Debug|Any CPU
		{916E2CB6-9C93-46AE-A4A2-7C85F7CEBD85}.Release|Any CPU.ActiveCfg = Release|Any CPU
		{916E2CB6-9C93-46AE-A4A2-7C85F7CEBD85}.Release|Any CPU.Build.0 = Release|Any CPU
		{F7D0DBD1-A024-402D-AEA7-F4FF902924CD}.Debug|Any CPU.ActiveCfg = Debug|Any CPU
		{F7D0DBD1-A024-402D-AEA7-F4FF902924CD}.Debug|Any CPU.Build.0 = Debug|Any CPU
		{F7D0DBD1-A024-402D-AEA7-F4FF902924CD}.Release|Any CPU.ActiveCfg = Release|Any CPU
		{F7D0DBD1-A024-402D-AEA7-F4FF902924CD}.Release|Any CPU.Build.0 = Release|Any CPU
		{E691E6B7-D41C-4DA8-AF7C-36D5317A8069}.Debug|Any CPU.ActiveCfg = Debug|Any CPU
		{E691E6B7-D41C-4DA8-AF7C-36D5317A8069}.Debug|Any CPU.Build.0 = Debug|Any CPU
		{E691E6B7-D41C-4DA8-AF7C-36D5317A8069}.Release|Any CPU.ActiveCfg = Release|Any CPU
		{E691E6B7-D41C-4DA8-AF7C-36D5317A8069}.Release|Any CPU.Build.0 = Release|Any CPU
	EndGlobalSection
EndGlobal
